// !$*UTF8*$!
{
	archiveVersion = 1;
	classes = {
	};
	objectVersion = 56;
	objects = {

/* Begin PBXBuildFile section */
		19AA5BD72B784B3D001DDE67 /* AppDelegate.swift in Sources */ = {isa = PBXBuildFile; fileRef = 19AA5BD62B784B3D001DDE67 /* AppDelegate.swift */; };
		19AA5BD92B784B3D001DDE67 /* SceneDelegate.swift in Sources */ = {isa = PBXBuildFile; fileRef = 19AA5BD82B784B3D001DDE67 /* SceneDelegate.swift */; };
		19AA5BDB2B784B3D001DDE67 /* ViewController.swift in Sources */ = {isa = PBXBuildFile; fileRef = 19AA5BDA2B784B3D001DDE67 /* ViewController.swift */; };
		19AA5BDE2B784B3D001DDE67 /* Main.storyboard in Resources */ = {isa = PBXBuildFile; fileRef = 19AA5BDC2B784B3D001DDE67 /* Main.storyboard */; };
		19AA5BE02B784B40001DDE67 /* Assets.xcassets in Resources */ = {isa = PBXBuildFile; fileRef = 19AA5BDF2B784B40001DDE67 /* Assets.xcassets */; };
		19AA5BE32B784B40001DDE67 /* LaunchScreen.storyboard in Resources */ = {isa = PBXBuildFile; fileRef = 19AA5BE12B784B40001DDE67 /* LaunchScreen.storyboard */; };
		19AA5BEB2B784C7D001DDE67 /* CarsViewController.swift in Sources */ = {isa = PBXBuildFile; fileRef = 19AA5BEA2B784C7D001DDE67 /* CarsViewController.swift */; };
		19AA5BED2B784C8E001DDE67 /* DetailViewController.swift in Sources */ = {isa = PBXBuildFile; fileRef = 19AA5BEC2B784C8E001DDE67 /* DetailViewController.swift */; };
		19AA5BEF2B784CFD001DDE67 /* Car.swift in Sources */ = {isa = PBXBuildFile; fileRef = 19AA5BEE2B784CFD001DDE67 /* Car.swift */; };
/* End PBXBuildFile section */

/* Begin PBXFileReference section */
		19AA5BD32B784B3D001DDE67 /* BuildMyToyota.app */ = {isa = PBXFileReference; explicitFileType = wrapper.application; includeInIndex = 0; path = BuildMyToyota.app; sourceTree = BUILT_PRODUCTS_DIR; };
		19AA5BD62B784B3D001DDE67 /* AppDelegate.swift */ = {isa = PBXFileReference; lastKnownFileType = sourcecode.swift; path = AppDelegate.swift; sourceTree = "<group>"; };
		19AA5BD82B784B3D001DDE67 /* SceneDelegate.swift */ = {isa = PBXFileReference; lastKnownFileType = sourcecode.swift; path = SceneDelegate.swift; sourceTree = "<group>"; };
		19AA5BDA2B784B3D001DDE67 /* ViewController.swift */ = {isa = PBXFileReference; lastKnownFileType = sourcecode.swift; path = ViewController.swift; sourceTree = "<group>"; };
		19AA5BDD2B784B3D001DDE67 /* Base */ = {isa = PBXFileReference; lastKnownFileType = file.storyboard; name = Base; path = Base.lproj/Main.storyboard; sourceTree = "<group>"; };
		19AA5BDF2B784B40001DDE67 /* Assets.xcassets */ = {isa = PBXFileReference; lastKnownFileType = folder.assetcatalog; path = Assets.xcassets; sourceTree = "<group>"; };
		19AA5BE22B784B40001DDE67 /* Base */ = {isa = PBXFileReference; lastKnownFileType = file.storyboard; name = Base; path = Base.lproj/LaunchScreen.storyboard; sourceTree = "<group>"; };
		19AA5BE42B784B40001DDE67 /* Info.plist */ = {isa = PBXFileReference; lastKnownFileType = text.plist.xml; path = Info.plist; sourceTree = "<group>"; };
		19AA5BEA2B784C7D001DDE67 /* CarsViewController.swift */ = {isa = PBXFileReference; lastKnownFileType = sourcecode.swift; path = CarsViewController.swift; sourceTree = "<group>"; };
		19AA5BEC2B784C8E001DDE67 /* DetailViewController.swift */ = {isa = PBXFileReference; lastKnownFileType = sourcecode.swift; path = DetailViewController.swift; sourceTree = "<group>"; };
		19AA5BEE2B784CFD001DDE67 /* Car.swift */ = {isa = PBXFileReference; lastKnownFileType = sourcecode.swift; path = Car.swift; sourceTree = "<group>"; };
/* End PBXFileReference section */

/* Begin PBXFrameworksBuildPhase section */
		19AA5BD02B784B3D001DDE67 /* Frameworks */ = {
			isa = PBXFrameworksBuildPhase;
			buildActionMask = 2147483647;
			files = (
			);
			runOnlyForDeploymentPostprocessing = 0;
		};
/* End PBXFrameworksBuildPhase section */

/* Begin PBXGroup section */
		19AA5BCA2B784B3D001DDE67 = {
			isa = PBXGroup;
			children = (
				19AA5BD52B784B3D001DDE67 /* BuildMyToyota */,
				19AA5BD42B784B3D001DDE67 /* Products */,
			);
			sourceTree = "<group>";
		};
		19AA5BD42B784B3D001DDE67 /* Products */ = {
			isa = PBXGroup;
			children = (
				19AA5BD32B784B3D001DDE67 /* BuildMyToyota.app */,
			);
			name = Products;
			sourceTree = "<group>";
		};
		19AA5BD52B784B3D001DDE67 /* BuildMyToyota */ = {
			isa = PBXGroup;
			children = (
				19AA5BD62B784B3D001DDE67 /* AppDelegate.swift */,
				19AA5BD82B784B3D001DDE67 /* SceneDelegate.swift */,
				19AA5BDA2B784B3D001DDE67 /* ViewController.swift */,
				19AA5BDC2B784B3D001DDE67 /* Main.storyboard */,
				19AA5BEA2B784C7D001DDE67 /* CarsViewController.swift */,
				19AA5BEC2B784C8E001DDE67 /* DetailViewController.swift */,
				19AA5BEE2B784CFD001DDE67 /* Car.swift */,
				19AA5BDF2B784B40001DDE67 /* Assets.xcassets */,
				19AA5BE12B784B40001DDE67 /* LaunchScreen.storyboard */,
				19AA5BE42B784B40001DDE67 /* Info.plist */,
			);
			path = BuildMyToyota;
			sourceTree = "<group>";
		};
/* End PBXGroup section */

/* Begin PBXNativeTarget section */
		19AA5BD22B784B3D001DDE67 /* BuildMyToyota */ = {
			isa = PBXNativeTarget;
			buildConfigurationList = 19AA5BE72B784B40001DDE67 /* Build configuration list for PBXNativeTarget "BuildMyToyota" */;
			buildPhases = (
				19AA5BCF2B784B3D001DDE67 /* Sources */,
				19AA5BD02B784B3D001DDE67 /* Frameworks */,
				19AA5BD12B784B3D001DDE67 /* Resources */,
			);
			buildRules = (
			);
			dependencies = (
			);
			name = BuildMyToyota;
			productName = BuildMyToyota;
			productReference = 19AA5BD32B784B3D001DDE67 /* BuildMyToyota.app */;
			productType = "com.apple.product-type.application";
		};
/* End PBXNativeTarget section */

/* Begin PBXProject section */
		19AA5BCB2B784B3D001DDE67 /* Project object */ = {
			isa = PBXProject;
			attributes = {
				BuildIndependentTargetsInParallel = 1;
				LastSwiftUpdateCheck = 1510;
				LastUpgradeCheck = 1510;
				TargetAttributes = {
					19AA5BD22B784B3D001DDE67 = {
						CreatedOnToolsVersion = 15.1;
					};
				};
			};
			buildConfigurationList = 19AA5BCE2B784B3D001DDE67 /* Build configuration list for PBXProject "BuildMyToyota" */;
			compatibilityVersion = "Xcode 14.0";
			developmentRegion = en;
			hasScannedForEncodings = 0;
			knownRegions = (
				en,
				Base,
			);
			mainGroup = 19AA5BCA2B784B3D001DDE67;
			productRefGroup = 19AA5BD42B784B3D001DDE67 /* Products */;
			projectDirPath = "";
			projectRoot = "";
			targets = (
				19AA5BD22B784B3D001DDE67 /* BuildMyToyota */,
			);
		};
/* End PBXProject section */

/* Begin PBXResourcesBuildPhase section */
		19AA5BD12B784B3D001DDE67 /* Resources */ = {
			isa = PBXResourcesBuildPhase;
			buildActionMask = 2147483647;
			files = (
				19AA5BE32B784B40001DDE67 /* LaunchScreen.storyboard in Resources */,
				19AA5BE02B784B40001DDE67 /* Assets.xcassets in Resources */,
				19AA5BDE2B784B3D001DDE67 /* Main.storyboard in Resources */,
			);
			runOnlyForDeploymentPostprocessing = 0;
		};
/* End PBXResourcesBuildPhase section */

/* Begin PBXSourcesBuildPhase section */
		19AA5BCF2B784B3D001DDE67 /* Sources */ = {
			isa = PBXSourcesBuildPhase;
			buildActionMask = 2147483647;
			files = (
				19AA5BDB2B784B3D001DDE67 /* ViewController.swift in Sources */,
				19AA5BD72B784B3D001DDE67 /* AppDelegate.swift in Sources */,
				19AA5BEF2B784CFD001DDE67 /* Car.swift in Sources */,
				19AA5BED2B784C8E001DDE67 /* DetailViewController.swift in Sources */,
				19AA5BD92B784B3D001DDE67 /* SceneDelegate.swift in Sources */,
				19AA5BEB2B784C7D001DDE67 /* CarsViewController.swift in Sources */,
			);
			runOnlyForDeploymentPostprocessing = 0;
		};
/* End PBXSourcesBuildPhase section */

/* Begin PBXVariantGroup section */
		19AA5BDC2B784B3D001DDE67 /* Main.storyboard */ = {
			isa = PBXVariantGroup;
			children = (
				19AA5BDD2B784B3D001DDE67 /* Base */,
			);
			name = Main.storyboard;
			sourceTree = "<group>";
		};
		19AA5BE12B784B40001DDE67 /* LaunchScreen.storyboard */ = {
			isa = PBXVariantGroup;
			children = (
				19AA5BE22B784B40001DDE67 /* Base */,
			);
			name = LaunchScreen.storyboard;
			sourceTree = "<group>";
		};
/* End PBXVariantGroup section */

/* Begin XCBuildConfiguration section */
		19AA5BE52B784B40001DDE67 /* Debug */ = {
			isa = XCBuildConfiguration;
			buildSettings = {
				ALWAYS_SEARCH_USER_PATHS = NO;
				ASSETCATALOG_COMPILER_GENERATE_SWIFT_ASSET_SYMBOL_EXTENSIONS = YES;
				CLANG_ANALYZER_NONNULL = YES;
				CLANG_ANALYZER_NUMBER_OBJECT_CONVERSION = YES_AGGRESSIVE;
				CLANG_CXX_LANGUAGE_STANDARD = "gnu++20";
				CLANG_ENABLE_MODULES = YES;
				CLANG_ENABLE_OBJC_ARC = YES;
				CLANG_ENABLE_OBJC_WEAK = YES;
				CLANG_WARN_BLOCK_CAPTURE_AUTORELEASING = YES;
				CLANG_WARN_BOOL_CONVERSION = YES;
				CLANG_WARN_COMMA = YES;
				CLANG_WARN_CONSTANT_CONVERSION = YES;
				CLANG_WARN_DEPRECATED_OBJC_IMPLEMENTATIONS = YES;
				CLANG_WARN_DIRECT_OBJC_ISA_USAGE = YES_ERROR;
				CLANG_WARN_DOCUMENTATION_COMMENTS = YES;
				CLANG_WARN_EMPTY_BODY = YES;
				CLANG_WARN_ENUM_CONVERSION = YES;
				CLANG_WARN_INFINITE_RECURSION = YES;
				CLANG_WARN_INT_CONVERSION = YES;
				CLANG_WARN_NON_LITERAL_NULL_CONVERSION = YES;
				CLANG_WARN_OBJC_IMPLICIT_RETAIN_SELF = YES;
				CLANG_WARN_OBJC_LITERAL_CONVERSION = YES;
				CLANG_WARN_OBJC_ROOT_CLASS = YES_ERROR;
				CLANG_WARN_QUOTED_INCLUDE_IN_FRAMEWORK_HEADER = YES;
				CLANG_WARN_RANGE_LOOP_ANALYSIS = YES;
				CLANG_WARN_STRICT_PROTOTYPES = YES;
				CLANG_WARN_SUSPICIOUS_MOVE = YES;
				CLANG_WARN_UNGUARDED_AVAILABILITY = YES_AGGRESSIVE;
				CLANG_WARN_UNREACHABLE_CODE = YES;
				CLANG_WARN__DUPLICATE_METHOD_MATCH = YES;
				COPY_PHASE_STRIP = NO;
				DEBUG_INFORMATION_FORMAT = dwarf;
				ENABLE_STRICT_OBJC_MSGSEND = YES;
				ENABLE_TESTABILITY = YES;
				ENABLE_USER_SCRIPT_SANDBOXING = YES;
				GCC_C_LANGUAGE_STANDARD = gnu17;
				GCC_DYNAMIC_NO_PIC = NO;
				GCC_NO_COMMON_BLOCKS = YES;
				GCC_OPTIMIZATION_LEVEL = 0;
				GCC_PREPROCESSOR_DEFINITIONS = (
					"DEBUG=1",
					"$(inherited)",
				);
				GCC_WARN_64_TO_32_BIT_CONVERSION = YES;
				GCC_WARN_ABOUT_RETURN_TYPE = YES_ERROR;
				GCC_WARN_UNDECLARED_SELECTOR = YES;
				GCC_WARN_UNINITIALIZED_AUTOS = YES_AGGRESSIVE;
				GCC_WARN_UNUSED_FUNCTION = YES;
				GCC_WARN_UNUSED_VARIABLE = YES;
				IPHONEOS_DEPLOYMENT_TARGET = 17.2;
				LOCALIZATION_PREFERS_STRING_CATALOGS = YES;
				MTL_ENABLE_DEBUG_INFO = INCLUDE_SOURCE;
				MTL_FAST_MATH = YES;
				ONLY_ACTIVE_ARCH = YES;
				SDKROOT = iphoneos;
				SWIFT_ACTIVE_COMPILATION_CONDITIONS = "DEBUG $(inherited)";
				SWIFT_OPTIMIZATION_LEVEL = "-Onone";
			};
			name = Debug;
		};
		19AA5BE62B784B40001DDE67 /* Release */ = {
			isa = XCBuildConfiguration;
			buildSettings = {
				ALWAYS_SEARCH_USER_PATHS = NO;
				ASSETCATALOG_COMPILER_GENERATE_SWIFT_ASSET_SYMBOL_EXTENSIONS = YES;
				CLANG_ANALYZER_NONNULL = YES;
				CLANG_ANALYZER_NUMBER_OBJECT_CONVERSION = YES_AGGRESSIVE;
				CLANG_CXX_LANGUAGE_STANDARD = "gnu++20";
				CLANG_ENABLE_MODULES = YES;
				CLANG_ENABLE_OBJC_ARC = YES;
				CLANG_ENABLE_OBJC_WEAK = YES;
				CLANG_WARN_BLOCK_CAPTURE_AUTORELEASING = YES;
				CLANG_WARN_BOOL_CONVERSION = YES;
				CLANG_WARN_COMMA = YES;
				CLANG_WARN_CONSTANT_CONVERSION = YES;
				CLANG_WARN_DEPRECATED_OBJC_IMPLEMENTATIONS = YES;
				CLANG_WARN_DIRECT_OBJC_ISA_USAGE = YES_ERROR;
				CLANG_WARN_DOCUMENTATION_COMMENTS = YES;
				CLANG_WARN_EMPTY_BODY = YES;
				CLANG_WARN_ENUM_CONVERSION = YES;
				CLANG_WARN_INFINITE_RECURSION = YES;
				CLANG_WARN_INT_CONVERSION = YES;
				CLANG_WARN_NON_LITERAL_NULL_CONVERSION = YES;
				CLANG_WARN_OBJC_IMPLICIT_RETAIN_SELF = YES;
				CLANG_WARN_OBJC_LITERAL_CONVERSION = YES;
				CLANG_WARN_OBJC_ROOT_CLASS = YES_ERROR;
				CLANG_WARN_QUOTED_INCLUDE_IN_FRAMEWORK_HEADER = YES;
				CLANG_WARN_RANGE_LOOP_ANALYSIS = YES;
				CLANG_WARN_STRICT_PROTOTYPES = YES;
				CLANG_WARN_SUSPICIOUS_MOVE = YES;
				CLANG_WARN_UNGUARDED_AVAILABILITY = YES_AGGRESSIVE;
				CLANG_WARN_UNREACHABLE_CODE = YES;
				CLANG_WARN__DUPLICATE_METHOD_MATCH = YES;
				COPY_PHASE_STRIP = NO;
				DEBUG_INFORMATION_FORMAT = "dwarf-with-dsym";
				ENABLE_NS_ASSERTIONS = NO;
				ENABLE_STRICT_OBJC_MSGSEND = YES;
				ENABLE_USER_SCRIPT_SANDBOXING = YES;
				GCC_C_LANGUAGE_STANDARD = gnu17;
				GCC_NO_COMMON_BLOCKS = YES;
				GCC_WARN_64_TO_32_BIT_CONVERSION = YES;
				GCC_WARN_ABOUT_RETURN_TYPE = YES_ERROR;
				GCC_WARN_UNDECLARED_SELECTOR = YES;
				GCC_WARN_UNINITIALIZED_AUTOS = YES_AGGRESSIVE;
				GCC_WARN_UNUSED_FUNCTION = YES;
				GCC_WARN_UNUSED_VARIABLE = YES;
				IPHONEOS_DEPLOYMENT_TARGET = 17.2;
				LOCALIZATION_PREFERS_STRING_CATALOGS = YES;
				MTL_ENABLE_DEBUG_INFO = NO;
				MTL_FAST_MATH = YES;
				SDKROOT = iphoneos;
				SWIFT_COMPILATION_MODE = wholemodule;
				VALIDATE_PRODUCT = YES;
			};
			name = Release;
		};
		19AA5BE82B784B40001DDE67 /* Debug */ = {
			isa = XCBuildConfiguration;
			buildSettings = {
				ASSETCATALOG_COMPILER_APPICON_NAME = AppIcon;
				ASSETCATALOG_COMPILER_GLOBAL_ACCENT_COLOR_NAME = AccentColor;
				CODE_SIGN_STYLE = Automatic;
				CURRENT_PROJECT_VERSION = 1;
				DEVELOPMENT_TEAM = V7HLP74XY3;
				GENERATE_INFOPLIST_FILE = YES;
				INFOPLIST_FILE = BuildMyToyota/Info.plist;
				INFOPLIST_KEY_UIApplicationSupportsIndirectInputEvents = YES;
				INFOPLIST_KEY_UILaunchStoryboardName = LaunchScreen;
				INFOPLIST_KEY_UIMainStoryboardFile = Main;
				INFOPLIST_KEY_UISupportedInterfaceOrientations_iPad = "UIInterfaceOrientationPortrait UIInterfaceOrientationPortraitUpsideDown UIInterfaceOrientationLandscapeLeft UIInterfaceOrientationLandscapeRight";
				INFOPLIST_KEY_UISupportedInterfaceOrientations_iPhone = "UIInterfaceOrientationPortrait UIInterfaceOrientationLandscapeLeft UIInterfaceOrientationLandscapeRight";
				LD_RUNPATH_SEARCH_PATHS = (
					"$(inherited)",
					"@executable_path/Frameworks",
				);
				MARKETING_VERSION = 1.0;
				PRODUCT_BUNDLE_IDENTIFIER = com.csideproductions.BuildMyToyota;
				PRODUCT_NAME = "$(TARGET_NAME)";
				SWIFT_EMIT_LOC_STRINGS = YES;
				SWIFT_VERSION = 5.0;
				TARGETED_DEVICE_FAMILY = "1,2";
			};
			name = Debug;
		};
		19AA5BE92B784B40001DDE67 /* Release */ = {
			isa = XCBuildConfiguration;
			buildSettings = {
				ASSETCATALOG_COMPILER_APPICON_NAME = AppIcon;
				ASSETCATALOG_COMPILER_GLOBAL_ACCENT_COLOR_NAME = AccentColor;
				CODE_SIGN_STYLE = Automatic;
				CURRENT_PROJECT_VERSION = 1;
				DEVELOPMENT_TEAM = V7HLP74XY3;
				GENERATE_INFOPLIST_FILE = YES;
				INFOPLIST_FILE = BuildMyToyota/Info.plist;
				INFOPLIST_KEY_UIApplicationSupportsIndirectInputEvents = YES;
				INFOPLIST_KEY_UILaunchStoryboardName = LaunchScreen;
				INFOPLIST_KEY_UIMainStoryboardFile = Main;
				INFOPLIST_KEY_UISupportedInterfaceOrientations_iPad = "UIInterfaceOrientationPortrait UIInterfaceOrientationPortraitUpsideDown UIInterfaceOrientationLandscapeLeft UIInterfaceOrientationLandscapeRight";
				INFOPLIST_KEY_UISupportedInterfaceOrientations_iPhone = "UIInterfaceOrientationPortrait UIInterfaceOrientationLandscapeLeft UIInterfaceOrientationLandscapeRight";
				LD_RUNPATH_SEARCH_PATHS = (
					"$(inherited)",
					"@executable_path/Frameworks",
				);
				MARKETING_VERSION = 1.0;
				PRODUCT_BUNDLE_IDENTIFIER = com.csideproductions.BuildMyToyota;
				PRODUCT_NAME = "$(TARGET_NAME)";
				SWIFT_EMIT_LOC_STRINGS = YES;
				SWIFT_VERSION = 5.0;
				TARGETED_DEVICE_FAMILY = "1,2";
			};
			name = Release;
		};
/* End XCBuildConfiguration section */

/* Begin XCConfigurationList section */
		19AA5BCE2B784B3D001DDE67 /* Build configuration list for PBXProject "BuildMyToyota" */ = {
			isa = XCConfigurationList;
			buildConfigurations = (
				19AA5BE52B784B40001DDE67 /* Debug */,
				19AA5BE62B784B40001DDE67 /* Release */,
			);
			defaultConfigurationIsVisible = 0;
			defaultConfigurationName = Release;
		};
		19AA5BE72B784B40001DDE67 /* Build configuration list for PBXNativeTarget "BuildMyToyota" */ = {
			isa = XCConfigurationList;
			buildConfigurations = (
				19AA5BE82B784B40001DDE67 /* Debug */,
				19AA5BE92B784B40001DDE67 /* Release */,
			);
			defaultConfigurationIsVisible = 0;
			defaultConfigurationName = Release;
		};
/* End XCConfigurationList section */
	};
	rootObject = 19AA5BCB2B784B3D001DDE67 /* Project object */;
}
